
Microsoft Visual Studio Solution File, Format Version 12.00
# Visual Studio 14
VisualStudioVersion = 14.0.25420.1
MinimumVisualStudioVersion = 10.0.40219.1
Project("{FAE04EC0-301F-11D3-BF4B-00C04F79EFBC}") = "ToYo.Runner", "ToYo.Runner\ToYo.Runner.csproj", "{2F772BDD-9FE6-42CC-99B3-CA80D5DCF851}"
EndProject
Project("{FAE04EC0-301F-11D3-BF4B-00C04F79EFBC}") = "ToYo.Web", "ToYo.Web\ToYo.Web.csproj", "{37D59FB8-3437-4BEE-A864-CFA5EBE879CB}"
EndProject
Project("{FAE04EC0-301F-11D3-BF4B-00C04F79EFBC}") = "ToYo.Tests", "ToYo.Tests\ToYo.Tests.csproj", "{5FE6237C-9EDD-4098-A879-25672C16D49C}"
EndProject
Project("{FAE04EC0-301F-11D3-BF4B-00C04F79EFBC}") = "VisitSeydisfjordurModule", "VisitSeydisFjordurModule\VisitSeydisfjordurModule.csproj", "{3CC93DF1-CA17-4F17-AEFC-6EF0355AE61B}"
EndProject
Project("{FAE04EC0-301F-11D3-BF4B-00C04F79EFBC}") = "VisitSeydisfjordurModule.Tests", "VisitSeydisfjordur.Tests\VisitSeydisfjordurModule.Tests.csproj", "{EE9DA9CE-86A0-42AA-AEA2-18D282AB1799}"
EndProject
Global
	GlobalSection(SolutionConfigurationPlatforms) = preSolution
		Debug|Any CPU = Debug|Any CPU
		Release|Any CPU = Release|Any CPU
	EndGlobalSection
	GlobalSection(ProjectConfigurationPlatforms) = postSolution
		{2F772BDD-9FE6-42CC-99B3-CA80D5DCF851}.Debug|Any CPU.ActiveCfg = Debug|Any CPU
		{2F772BDD-9FE6-42CC-99B3-CA80D5DCF851}.Debug|Any CPU.Build.0 = Debug|Any CPU
		{2F772BDD-9FE6-42CC-99B3-CA80D5DCF851}.Release|Any CPU.ActiveCfg = Release|Any CPU
		{2F772BDD-9FE6-42CC-99B3-CA80D5DCF851}.Release|Any CPU.Build.0 = Release|Any CPU
		{37D59FB8-3437-4BEE-A864-CFA5EBE879CB}.Debug|Any CPU.ActiveCfg = Debug|Any CPU
		{37D59FB8-3437-4BEE-A864-CFA5EBE879CB}.Debug|Any CPU.Build.0 = Debug|Any CPU
		{37D59FB8-3437-4BEE-A864-CFA5EBE879CB}.Release|Any CPU.ActiveCfg = Release|Any CPU
		{37D59FB8-3437-4BEE-A864-CFA5EBE879CB}.Release|Any CPU.Build.0 = Release|Any CPU
		{5FE6237C-9EDD-4098-A879-25672C16D49C}.Debug|Any CPU.ActiveCfg = Debug|Any CPU
		{5FE6237C-9EDD-4098-A879-25672C16D49C}.Debug|Any CPU.Build.0 = Debug|Any CPU
		{5FE6237C-9EDD-4098-A879-25672C16D49C}.Release|Any CPU.ActiveCfg = Release|Any CPU
		{5FE6237C-9EDD-4098-A879-25672C16D49C}.Release|Any CPU.Build.0 = Release|Any CPU
		{3CC93DF1-CA17-4F17-AEFC-6EF0355AE61B}.Debug|Any CPU.ActiveCfg = Debug|Any CPU
		{3CC93DF1-CA17-4F17-AEFC-6EF0355AE61B}.Debug|Any CPU.Build.0 = Debug|Any CPU
		{3CC93DF1-CA17-4F17-AEFC-6EF0355AE61B}.Release|Any CPU.ActiveCfg = Release|Any CPU
		{3CC93DF1-CA17-4F17-AEFC-6EF0355AE61B}.Release|Any CPU.Build.0 = Release|Any CPU
		{EE9DA9CE-86A0-42AA-AEA2-18D282AB1799}.Debug|Any CPU.ActiveCfg = Debug|Any CPU
		{EE9DA9CE-86A0-42AA-AEA2-18D282AB1799}.Debug|Any CPU.Build.0 = Debug|Any CPU
		{EE9DA9CE-86A0-42AA-AEA2-18D282AB1799}.Release|Any CPU.ActiveCfg = Release|Any CPU
		{EE9DA9CE-86A0-42AA-AEA2-18D282AB1799}.Release|Any CPU.Build.0 = Release|Any CPU
	EndGlobalSection
	GlobalSection(SolutionProperties) = preSolution
		HideSolutionNode = FALSE
	EndGlobalSection
EndGlobal
